
Microsoft Visual Studio Solution File, Format Version 12.00
# Visual Studio Version 16
VisualStudioVersion = 16.0.31613.86
MinimumVisualStudioVersion = 10.0.40219.1
Project("{FAE04EC0-301F-11D3-BF4B-00C04F79EFBC}") = "PDC60_MOD2ACT1.Android", "PDC60_MOD2ACT1.Android\PDC60_MOD2ACT1.Android.csproj", "{6C49B663-C602-472E-9B1C-48243BE184DA}"
EndProject
Project("{FAE04EC0-301F-11D3-BF4B-00C04F79EFBC}") = "PDC60_MOD2ACT1", "PDC60_MOD2ACT1\PDC60_MOD2ACT1.csproj", "{6CF4D3A5-0FA7-487B-BD1C-D9D2215F4A77}"
EndProject
Global
	GlobalSection(SolutionConfigurationPlatforms) = preSolution
		Debug|Any CPU = Debug|Any CPU
		Release|Any CPU = Release|Any CPU
	EndGlobalSection
	GlobalSection(ProjectConfigurationPlatforms) = postSolution
		{6C49B663-C602-472E-9B1C-48243BE184DA}.Debug|Any CPU.ActiveCfg = Debug|Any CPU
		{6C49B663-C602-472E-9B1C-48243BE184DA}.Debug|Any CPU.Build.0 = Debug|Any CPU
		{6C49B663-C602-472E-9B1C-48243BE184DA}.Debug|Any CPU.Deploy.0 = Debug|Any CPU
		{6C49B663-C602-472E-9B1C-48243BE184DA}.Release|Any CPU.ActiveCfg = Release|Any CPU
		{6C49B663-C602-472E-9B1C-48243BE184DA}.Release|Any CPU.Build.0 = Release|Any CPU
		{6C49B663-C602-472E-9B1C-48243BE184DA}.Release|Any CPU.Deploy.0 = Release|Any CPU
		{6CF4D3A5-0FA7-487B-BD1C-D9D2215F4A77}.Debug|Any CPU.ActiveCfg = Debug|Any CPU
		{6CF4D3A5-0FA7-487B-BD1C-D9D2215F4A77}.Debug|Any CPU.Build.0 = Debug|Any CPU
		{6CF4D3A5-0FA7-487B-BD1C-D9D2215F4A77}.Debug|Any CPU.Deploy.0 = Debug|Any CPU
		{6CF4D3A5-0FA7-487B-BD1C-D9D2215F4A77}.Release|Any CPU.ActiveCfg = Release|Any CPU
		{6CF4D3A5-0FA7-487B-BD1C-D9D2215F4A77}.Release|Any CPU.Build.0 = Release|Any CPU
		{6CF4D3A5-0FA7-487B-BD1C-D9D2215F4A77}.Release|Any CPU.Deploy.0 = Release|Any CPU
	EndGlobalSection
	GlobalSection(SolutionProperties) = preSolution
		HideSolutionNode = FALSE
	EndGlobalSection
	GlobalSection(ExtensibilityGlobals) = postSolution
		SolutionGuid = {7D98FA9F-653F-4675-B022-ECDA83C41223}
	EndGlobalSection
EndGlobal
